
Microsoft Visual Studio Solution File, Format Version 12.00
# Visual Studio 15
VisualStudioVersion = 15.0.28307.489
MinimumVisualStudioVersion = 10.0.40219.1
Project("{FAE04EC0-301F-11D3-BF4B-00C04F79EFBC}") = "GIT", "GIT\GIT.csproj", "{13880014-9AAB-4A98-9435-20AB7EF40D87}"
EndProject
Global
	GlobalSection(SolutionConfigurationPlatforms) = preSolution
		Debug|Any CPU = Debug|Any CPU
		Release|Any CPU = Release|Any CPU
	EndGlobalSection
	GlobalSection(ProjectConfigurationPlatforms) = postSolution
		{13880014-9AAB-4A98-9435-20AB7EF40D87}.Debug|Any CPU.ActiveCfg = Debug|Any CPU
		{13880014-9AAB-4A98-9435-20AB7EF40D87}.Debug|Any CPU.Build.0 = Debug|Any CPU
		{13880014-9AAB-4A98-9435-20AB7EF40D87}.Release|Any CPU.ActiveCfg = Release|Any CPU
		{13880014-9AAB-4A98-9435-20AB7EF40D87}.Release|Any CPU.Build.0 = Release|Any CPU
	EndGlobalSection
	GlobalSection(SolutionProperties) = preSolution
		HideSolutionNode = FALSE
	EndGlobalSection
	GlobalSection(ExtensibilityGlobals) = postSolution
		SolutionGuid = {D533D333-2D38-4040-B064-5E675C00B034}
	EndGlobalSection
EndGlobal
